// !$*UTF8*$!
{
	archiveVersion = 1;
	classes = {
	};
	objectVersion = 50;
	objects = {

/* Begin PBXBuildFile section */
		CE51F915271479F400A7445C /* AppDelegate.swift in Sources */ = {isa = PBXBuildFile; fileRef = CE51F914271479F400A7445C /* AppDelegate.swift */; };
		CE51F917271479F400A7445C /* SceneDelegate.swift in Sources */ = {isa = PBXBuildFile; fileRef = CE51F916271479F400A7445C /* SceneDelegate.swift */; };
		CE51F919271479F400A7445C /* ViewController.swift in Sources */ = {isa = PBXBuildFile; fileRef = CE51F918271479F400A7445C /* ViewController.swift */; };
		CE51F91C271479F500A7445C /* Main.storyboard in Resources */ = {isa = PBXBuildFile; fileRef = CE51F91A271479F500A7445C /* Main.storyboard */; };
		CE51F91E271479F700A7445C /* Assets.xcassets in Resources */ = {isa = PBXBuildFile; fileRef = CE51F91D271479F700A7445C /* Assets.xcassets */; };
		CE51F921271479F700A7445C /* LaunchScreen.storyboard in Resources */ = {isa = PBXBuildFile; fileRef = CE51F91F271479F700A7445C /* LaunchScreen.storyboard */; };
		CE51F92C271479F800A7445C /* visizovPW3Tests.swift in Sources */ = {isa = PBXBuildFile; fileRef = CE51F92B271479F800A7445C /* visizovPW3Tests.swift */; };
		CE51F937271479F800A7445C /* visizovPW3UITests.swift in Sources */ = {isa = PBXBuildFile; fileRef = CE51F936271479F800A7445C /* visizovPW3UITests.swift */; };
/* End PBXBuildFile section */

/* Begin PBXContainerItemProxy section */
		CE51F928271479F800A7445C /* PBXContainerItemProxy */ = {
			isa = PBXContainerItemProxy;
			containerPortal = CE51F909271479F400A7445C /* Project object */;
			proxyType = 1;
			remoteGlobalIDString = CE51F910271479F400A7445C;
			remoteInfo = visizovPW3;
		};
		CE51F933271479F800A7445C /* PBXContainerItemProxy */ = {
			isa = PBXContainerItemProxy;
			containerPortal = CE51F909271479F400A7445C /* Project object */;
			proxyType = 1;
			remoteGlobalIDString = CE51F910271479F400A7445C;
			remoteInfo = visizovPW3;
		};
/* End PBXContainerItemProxy section */

/* Begin PBXFileReference section */
		CE51F911271479F400A7445C /* visizovPW3.app */ = {isa = PBXFileReference; explicitFileType = wrapper.application; includeInIndex = 0; path = visizovPW3.app; sourceTree = BUILT_PRODUCTS_DIR; };
		CE51F914271479F400A7445C /* AppDelegate.swift */ = {isa = PBXFileReference; lastKnownFileType = sourcecode.swift; path = AppDelegate.swift; sourceTree = "<group>"; };
		CE51F916271479F400A7445C /* SceneDelegate.swift */ = {isa = PBXFileReference; lastKnownFileType = sourcecode.swift; path = SceneDelegate.swift; sourceTree = "<group>"; };
		CE51F918271479F400A7445C /* ViewController.swift */ = {isa = PBXFileReference; lastKnownFileType = sourcecode.swift; path = ViewController.swift; sourceTree = "<group>"; };
		CE51F91B271479F500A7445C /* Base */ = {isa = PBXFileReference; lastKnownFileType = file.storyboard; name = Base; path = Base.lproj/Main.storyboard; sourceTree = "<group>"; };
		CE51F91D271479F700A7445C /* Assets.xcassets */ = {isa = PBXFileReference; lastKnownFileType = folder.assetcatalog; path = Assets.xcassets; sourceTree = "<group>"; };
		CE51F920271479F700A7445C /* Base */ = {isa = PBXFileReference; lastKnownFileType = file.storyboard; name = Base; path = Base.lproj/LaunchScreen.storyboard; sourceTree = "<group>"; };
		CE51F922271479F700A7445C /* Info.plist */ = {isa = PBXFileReference; lastKnownFileType = text.plist.xml; path = Info.plist; sourceTree = "<group>"; };
		CE51F927271479F800A7445C /* visizovPW3Tests.xctest */ = {isa = PBXFileReference; explicitFileType = wrapper.cfbundle; includeInIndex = 0; path = visizovPW3Tests.xctest; sourceTree = BUILT_PRODUCTS_DIR; };
		CE51F92B271479F800A7445C /* visizovPW3Tests.swift */ = {isa = PBXFileReference; lastKnownFileType = sourcecode.swift; path = visizovPW3Tests.swift; sourceTree = "<group>"; };
		CE51F92D271479F800A7445C /* Info.plist */ = {isa = PBXFileReference; lastKnownFileType = text.plist.xml; path = Info.plist; sourceTree = "<group>"; };
		CE51F932271479F800A7445C /* visizovPW3UITests.xctest */ = {isa = PBXFileReference; explicitFileType = wrapper.cfbundle; includeInIndex = 0; path = visizovPW3UITests.xctest; sourceTree = BUILT_PRODUCTS_DIR; };
		CE51F936271479F800A7445C /* visizovPW3UITests.swift */ = {isa = PBXFileReference; lastKnownFileType = sourcecode.swift; path = visizovPW3UITests.swift; sourceTree = "<group>"; };
		CE51F938271479F800A7445C /* Info.plist */ = {isa = PBXFileReference; lastKnownFileType = text.plist.xml; path = Info.plist; sourceTree = "<group>"; };
/* End PBXFileReference section */

/* Begin PBXFrameworksBuildPhase section */
		CE51F90E271479F400A7445C /* Frameworks */ = {
			isa = PBXFrameworksBuildPhase;
			buildActionMask = 2147483647;
			files = (
			);
			runOnlyForDeploymentPostprocessing = 0;
		};
		CE51F924271479F800A7445C /* Frameworks */ = {
			isa = PBXFrameworksBuildPhase;
			buildActionMask = 2147483647;
			files = (
			);
			runOnlyForDeploymentPostprocessing = 0;
		};
		CE51F92F271479F800A7445C /* Frameworks */ = {
			isa = PBXFrameworksBuildPhase;
			buildActionMask = 2147483647;
			files = (
			);
			runOnlyForDeploymentPostprocessing = 0;
		};
/* End PBXFrameworksBuildPhase section */

/* Begin PBXGroup section */
		CE51F908271479F400A7445C = {
			isa = PBXGroup;
			children = (
				CE51F913271479F400A7445C /* visizovPW3 */,
				CE51F92A271479F800A7445C /* visizovPW3Tests */,
				CE51F935271479F800A7445C /* visizovPW3UITests */,
				CE51F912271479F400A7445C /* Products */,
			);
			sourceTree = "<group>";
		};
		CE51F912271479F400A7445C /* Products */ = {
			isa = PBXGroup;
			children = (
				CE51F911271479F400A7445C /* visizovPW3.app */,
				CE51F927271479F800A7445C /* visizovPW3Tests.xctest */,
				CE51F932271479F800A7445C /* visizovPW3UITests.xctest */,
			);
			name = Products;
			sourceTree = "<group>";
		};
		CE51F913271479F400A7445C /* visizovPW3 */ = {
			isa = PBXGroup;
			children = (
				CE51F914271479F400A7445C /* AppDelegate.swift */,
				CE51F916271479F400A7445C /* SceneDelegate.swift */,
				CE51F918271479F400A7445C /* ViewController.swift */,
				CE51F91A271479F500A7445C /* Main.storyboard */,
				CE51F91D271479F700A7445C /* Assets.xcassets */,
				CE51F91F271479F700A7445C /* LaunchScreen.storyboard */,
				CE51F922271479F700A7445C /* Info.plist */,
			);
			path = visizovPW3;
			sourceTree = "<group>";
		};
		CE51F92A271479F800A7445C /* visizovPW3Tests */ = {
			isa = PBXGroup;
			children = (
				CE51F92B271479F800A7445C /* visizovPW3Tests.swift */,
				CE51F92D271479F800A7445C /* Info.plist */,
			);
			path = visizovPW3Tests;
			sourceTree = "<group>";
		};
		CE51F935271479F800A7445C /* visizovPW3UITests */ = {
			isa = PBXGroup;
			children = (
				CE51F936271479F800A7445C /* visizovPW3UITests.swift */,
				CE51F938271479F800A7445C /* Info.plist */,
			);
			path = visizovPW3UITests;
			sourceTree = "<group>";
		};
/* End PBXGroup section */

/* Begin PBXNativeTarget section */
		CE51F910271479F400A7445C /* visizovPW3 */ = {
			isa = PBXNativeTarget;
			buildConfigurationList = CE51F93B271479F800A7445C /* Build configuration list for PBXNativeTarget "visizovPW3" */;
			buildPhases = (
				CE51F90D271479F400A7445C /* Sources */,
				CE51F90E271479F400A7445C /* Frameworks */,
				CE51F90F271479F400A7445C /* Resources */,
			);
			buildRules = (
			);
			dependencies = (
			);
			name = visizovPW3;
			productName = visizovPW3;
			productReference = CE51F911271479F400A7445C /* visizovPW3.app */;
			productType = "com.apple.product-type.application";
		};
		CE51F926271479F800A7445C /* visizovPW3Tests */ = {
			isa = PBXNativeTarget;
			buildConfigurationList = CE51F93E271479F800A7445C /* Build configuration list for PBXNativeTarget "visizovPW3Tests" */;
			buildPhases = (
				CE51F923271479F800A7445C /* Sources */,
				CE51F924271479F800A7445C /* Frameworks */,
				CE51F925271479F800A7445C /* Resources */,
			);
			buildRules = (
			);
			dependencies = (
				CE51F929271479F800A7445C /* PBXTargetDependency */,
			);
			name = visizovPW3Tests;
			productName = visizovPW3Tests;
			productReference = CE51F927271479F800A7445C /* visizovPW3Tests.xctest */;
			productType = "com.apple.product-type.bundle.unit-test";
		};
		CE51F931271479F800A7445C /* visizovPW3UITests */ = {
			isa = PBXNativeTarget;
			buildConfigurationList = CE51F941271479F800A7445C /* Build configuration list for PBXNativeTarget "visizovPW3UITests" */;
			buildPhases = (
				CE51F92E271479F800A7445C /* Sources */,
				CE51F92F271479F800A7445C /* Frameworks */,
				CE51F930271479F800A7445C /* Resources */,
			);
			buildRules = (
			);
			dependencies = (
				CE51F934271479F800A7445C /* PBXTargetDependency */,
			);
			name = visizovPW3UITests;
			productName = visizovPW3UITests;
			productReference = CE51F932271479F800A7445C /* visizovPW3UITests.xctest */;
			productType = "com.apple.product-type.bundle.ui-testing";
		};
/* End PBXNativeTarget section */

/* Begin PBXProject section */
		CE51F909271479F400A7445C /* Project object */ = {
			isa = PBXProject;
			attributes = {
				LastSwiftUpdateCheck = 1250;
				LastUpgradeCheck = 1250;
				TargetAttributes = {
					CE51F910271479F400A7445C = {
						CreatedOnToolsVersion = 12.5.1;
					};
					CE51F926271479F800A7445C = {
						CreatedOnToolsVersion = 12.5.1;
						TestTargetID = CE51F910271479F400A7445C;
					};
					CE51F931271479F800A7445C = {
						CreatedOnToolsVersion = 12.5.1;
						TestTargetID = CE51F910271479F400A7445C;
					};
				};
			};
			buildConfigurationList = CE51F90C271479F400A7445C /* Build configuration list for PBXProject "visizovPW3" */;
			compatibilityVersion = "Xcode 9.3";
			developmentRegion = en;
			hasScannedForEncodings = 0;
			knownRegions = (
				en,
				Base,
			);
			mainGroup = CE51F908271479F400A7445C;
			productRefGroup = CE51F912271479F400A7445C /* Products */;
			projectDirPath = "";
			projectRoot = "";
			targets = (
				CE51F910271479F400A7445C /* visizovPW3 */,
				CE51F926271479F800A7445C /* visizovPW3Tests */,
				CE51F931271479F800A7445C /* visizovPW3UITests */,
			);
		};
/* End PBXProject section */

/* Begin PBXResourcesBuildPhase section */
		CE51F90F271479F400A7445C /* Resources */ = {
			isa = PBXResourcesBuildPhase;
			buildActionMask = 2147483647;
			files = (
				CE51F921271479F700A7445C /* LaunchScreen.storyboard in Resources */,
				CE51F91E271479F700A7445C /* Assets.xcassets in Resources */,
				CE51F91C271479F500A7445C /* Main.storyboard in Resources */,
			);
			runOnlyForDeploymentPostprocessing = 0;
		};
		CE51F925271479F800A7445C /* Resources */ = {
			isa = PBXResourcesBuildPhase;
			buildActionMask = 2147483647;
			files = (
			);
			runOnlyForDeploymentPostprocessing = 0;
		};
		CE51F930271479F800A7445C /* Resources */ = {
			isa = PBXResourcesBuildPhase;
			buildActionMask = 2147483647;
			files = (
			);
			runOnlyForDeploymentPostprocessing = 0;
		};
/* End PBXResourcesBuildPhase section */

/* Begin PBXSourcesBuildPhase section */
		CE51F90D271479F400A7445C /* Sources */ = {
			isa = PBXSourcesBuildPhase;
			buildActionMask = 2147483647;
			files = (
				CE51F919271479F400A7445C /* ViewController.swift in Sources */,
				CE51F915271479F400A7445C /* AppDelegate.swift in Sources */,
				CE51F917271479F400A7445C /* SceneDelegate.swift in Sources */,
			);
			runOnlyForDeploymentPostprocessing = 0;
		};
		CE51F923271479F800A7445C /* Sources */ = {
			isa = PBXSourcesBuildPhase;
			buildActionMask = 2147483647;
			files = (
				CE51F92C271479F800A7445C /* visizovPW3Tests.swift in Sources */,
			);
			runOnlyForDeploymentPostprocessing = 0;
		};
		CE51F92E271479F800A7445C /* Sources */ = {
			isa = PBXSourcesBuildPhase;
			buildActionMask = 2147483647;
			files = (
				CE51F937271479F800A7445C /* visizovPW3UITests.swift in Sources */,
			);
			runOnlyForDeploymentPostprocessing = 0;
		};
/* End PBXSourcesBuildPhase section */

/* Begin PBXTargetDependency section */
		CE51F929271479F800A7445C /* PBXTargetDependency */ = {
			isa = PBXTargetDependency;
			target = CE51F910271479F400A7445C /* visizovPW3 */;
			targetProxy = CE51F928271479F800A7445C /* PBXContainerItemProxy */;
		};
		CE51F934271479F800A7445C /* PBXTargetDependency */ = {
			isa = PBXTargetDependency;
			target = CE51F910271479F400A7445C /* visizovPW3 */;
			targetProxy = CE51F933271479F800A7445C /* PBXContainerItemProxy */;
		};
/* End PBXTargetDependency section */

/* Begin PBXVariantGroup section */
		CE51F91A271479F500A7445C /* Main.storyboard */ = {
			isa = PBXVariantGroup;
			children = (
				CE51F91B271479F500A7445C /* Base */,
			);
			name = Main.storyboard;
			sourceTree = "<group>";
		};
		CE51F91F271479F700A7445C /* LaunchScreen.storyboard */ = {
			isa = PBXVariantGroup;
			children = (
				CE51F920271479F700A7445C /* Base */,
			);
			name = LaunchScreen.storyboard;
			sourceTree = "<group>";
		};
/* End PBXVariantGroup section */

/* Begin XCBuildConfiguration section */
		CE51F939271479F800A7445C /* Debug */ = {
			isa = XCBuildConfiguration;
			buildSettings = {
				ALWAYS_SEARCH_USER_PATHS = NO;
				CLANG_ANALYZER_NONNULL = YES;
				CLANG_ANALYZER_NUMBER_OBJECT_CONVERSION = YES_AGGRESSIVE;
				CLANG_CXX_LANGUAGE_STANDARD = "gnu++14";
				CLANG_CXX_LIBRARY = "libc++";
				CLANG_ENABLE_MODULES = YES;
				CLANG_ENABLE_OBJC_ARC = YES;
				CLANG_ENABLE_OBJC_WEAK = YES;
				CLANG_WARN_BLOCK_CAPTURE_AUTORELEASING = YES;
				CLANG_WARN_BOOL_CONVERSION = YES;
				CLANG_WARN_COMMA = YES;
				CLANG_WARN_CONSTANT_CONVERSION = YES;
				CLANG_WARN_DEPRECATED_OBJC_IMPLEMENTATIONS = YES;
				CLANG_WARN_DIRECT_OBJC_ISA_USAGE = YES_ERROR;
				CLANG_WARN_DOCUMENTATION_COMMENTS = YES;
				CLANG_WARN_EMPTY_BODY = YES;
				CLANG_WARN_ENUM_CONVERSION = YES;
				CLANG_WARN_INFINITE_RECURSION = YES;
				CLANG_WARN_INT_CONVERSION = YES;
				CLANG_WARN_NON_LITERAL_NULL_CONVERSION = YES;
				CLANG_WARN_OBJC_IMPLICIT_RETAIN_SELF = YES;
				CLANG_WARN_OBJC_LITERAL_CONVERSION = YES;
				CLANG_WARN_OBJC_ROOT_CLASS = YES_ERROR;
				CLANG_WARN_QUOTED_INCLUDE_IN_FRAMEWORK_HEADER = YES;
				CLANG_WARN_RANGE_LOOP_ANALYSIS = YES;
				CLANG_WARN_STRICT_PROTOTYPES = YES;
				CLANG_WARN_SUSPICIOUS_MOVE = YES;
				CLANG_WARN_UNGUARDED_AVAILABILITY = YES_AGGRESSIVE;
				CLANG_WARN_UNREACHABLE_CODE = YES;
				CLANG_WARN__DUPLICATE_METHOD_MATCH = YES;
				COPY_PHASE_STRIP = NO;
				DEBUG_INFORMATION_FORMAT = dwarf;
				ENABLE_STRICT_OBJC_MSGSEND = YES;
				ENABLE_TESTABILITY = YES;
				GCC_C_LANGUAGE_STANDARD = gnu11;
				GCC_DYNAMIC_NO_PIC = NO;
				GCC_NO_COMMON_BLOCKS = YES;
				GCC_OPTIMIZATION_LEVEL = 0;
				GCC_PREPROCESSOR_DEFINITIONS = (
					"DEBUG=1",
					"$(inherited)",
				);
				GCC_WARN_64_TO_32_BIT_CONVERSION = YES;
				GCC_WARN_ABOUT_RETURN_TYPE = YES_ERROR;
				GCC_WARN_UNDECLARED_SELECTOR = YES;
				GCC_WARN_UNINITIALIZED_AUTOS = YES_AGGRESSIVE;
				GCC_WARN_UNUSED_FUNCTION = YES;
				GCC_WARN_UNUSED_VARIABLE = YES;
				IPHONEOS_DEPLOYMENT_TARGET = 14.5;
				MTL_ENABLE_DEBUG_INFO = INCLUDE_SOURCE;
				MTL_FAST_MATH = YES;
				ONLY_ACTIVE_ARCH = YES;
				SDKROOT = iphoneos;
				SWIFT_ACTIVE_COMPILATION_CONDITIONS = DEBUG;
				SWIFT_OPTIMIZATION_LEVEL = "-Onone";
			};
			name = Debug;
		};
		CE51F93A271479F800A7445C /* Release */ = {
			isa = XCBuildConfiguration;
			buildSettings = {
				ALWAYS_SEARCH_USER_PATHS = NO;
				CLANG_ANALYZER_NONNULL = YES;
				CLANG_ANALYZER_NUMBER_OBJECT_CONVERSION = YES_AGGRESSIVE;
				CLANG_CXX_LANGUAGE_STANDARD = "gnu++14";
				CLANG_CXX_LIBRARY = "libc++";
				CLANG_ENABLE_MODULES = YES;
				CLANG_ENABLE_OBJC_ARC = YES;
				CLANG_ENABLE_OBJC_WEAK = YES;
				CLANG_WARN_BLOCK_CAPTURE_AUTORELEASING = YES;
				CLANG_WARN_BOOL_CONVERSION = YES;
				CLANG_WARN_COMMA = YES;
				CLANG_WARN_CONSTANT_CONVERSION = YES;
				CLANG_WARN_DEPRECATED_OBJC_IMPLEMENTATIONS = YES;
				CLANG_WARN_DIRECT_OBJC_ISA_USAGE = YES_ERROR;
				CLANG_WARN_DOCUMENTATION_COMMENTS = YES;
				CLANG_WARN_EMPTY_BODY = YES;
				CLANG_WARN_ENUM_CONVERSION = YES;
				CLANG_WARN_INFINITE_RECURSION = YES;
				CLANG_WARN_INT_CONVERSION = YES;
				CLANG_WARN_NON_LITERAL_NULL_CONVERSION = YES;
				CLANG_WARN_OBJC_IMPLICIT_RETAIN_SELF = YES;
				CLANG_WARN_OBJC_LITERAL_CONVERSION = YES;
				CLANG_WARN_OBJC_ROOT_CLASS = YES_ERROR;
				CLANG_WARN_QUOTED_INCLUDE_IN_FRAMEWORK_HEADER = YES;
				CLANG_WARN_RANGE_LOOP_ANALYSIS = YES;
				CLANG_WARN_STRICT_PROTOTYPES = YES;
				CLANG_WARN_SUSPICIOUS_MOVE = YES;
				CLANG_WARN_UNGUARDED_AVAILABILITY = YES_AGGRESSIVE;
				CLANG_WARN_UNREACHABLE_CODE = YES;
				CLANG_WARN__DUPLICATE_METHOD_MATCH = YES;
				COPY_PHASE_STRIP = NO;
				DEBUG_INFORMATION_FORMAT = "dwarf-with-dsym";
				ENABLE_NS_ASSERTIONS = NO;
				ENABLE_STRICT_OBJC_MSGSEND = YES;
				GCC_C_LANGUAGE_STANDARD = gnu11;
				GCC_NO_COMMON_BLOCKS = YES;
				GCC_WARN_64_TO_32_BIT_CONVERSION = YES;
				GCC_WARN_ABOUT_RETURN_TYPE = YES_ERROR;
				GCC_WARN_UNDECLARED_SELECTOR = YES;
				GCC_WARN_UNINITIALIZED_AUTOS = YES_AGGRESSIVE;
				GCC_WARN_UNUSED_FUNCTION = YES;
				GCC_WARN_UNUSED_VARIABLE = YES;
				IPHONEOS_DEPLOYMENT_TARGET = 14.5;
				MTL_ENABLE_DEBUG_INFO = NO;
				MTL_FAST_MATH = YES;
				SDKROOT = iphoneos;
				SWIFT_COMPILATION_MODE = wholemodule;
				SWIFT_OPTIMIZATION_LEVEL = "-O";
				VALIDATE_PRODUCT = YES;
			};
			name = Release;
		};
		CE51F93C271479F800A7445C /* Debug */ = {
			isa = XCBuildConfiguration;
			buildSettings = {
				ASSETCATALOG_COMPILER_APPICON_NAME = AppIcon;
				ASSETCATALOG_COMPILER_GLOBAL_ACCENT_COLOR_NAME = AccentColor;
				CODE_SIGN_STYLE = Automatic;
				DEVELOPMENT_TEAM = M62GWSN92R;
				INFOPLIST_FILE = visizovPW3/Info.plist;
				LD_RUNPATH_SEARCH_PATHS = (
					"$(inherited)",
					"@executable_path/Frameworks",
				);
				PRODUCT_BUNDLE_IDENTIFIER = "Sizov-Apps.visizovPW3";
				PRODUCT_NAME = "$(TARGET_NAME)";
				SWIFT_VERSION = 5.0;
				TARGETED_DEVICE_FAMILY = "1,2";
			};
			name = Debug;
		};
		CE51F93D271479F800A7445C /* Release */ = {
			isa = XCBuildConfiguration;
			buildSettings = {
				ASSETCATALOG_COMPILER_APPICON_NAME = AppIcon;
				ASSETCATALOG_COMPILER_GLOBAL_ACCENT_COLOR_NAME = AccentColor;
				CODE_SIGN_STYLE = Automatic;
				DEVELOPMENT_TEAM = M62GWSN92R;
				INFOPLIST_FILE = visizovPW3/Info.plist;
				LD_RUNPATH_SEARCH_PATHS = (
					"$(inherited)",
					"@executable_path/Frameworks",
				);
				PRODUCT_BUNDLE_IDENTIFIER = "Sizov-Apps.visizovPW3";
				PRODUCT_NAME = "$(TARGET_NAME)";
				SWIFT_VERSION = 5.0;
				TARGETED_DEVICE_FAMILY = "1,2";
			};
			name = Release;
		};
		CE51F93F271479F800A7445C /* Debug */ = {
			isa = XCBuildConfiguration;
			buildSettings = {
				ALWAYS_EMBED_SWIFT_STANDARD_LIBRARIES = YES;
				BUNDLE_LOADER = "$(TEST_HOST)";
				CODE_SIGN_STYLE = Automatic;
				DEVELOPMENT_TEAM = M62GWSN92R;
				INFOPLIST_FILE = visizovPW3Tests/Info.plist;
				IPHONEOS_DEPLOYMENT_TARGET = 14.5;
				LD_RUNPATH_SEARCH_PATHS = (
					"$(inherited)",
					"@executable_path/Frameworks",
					"@loader_path/Frameworks",
				);
				PRODUCT_BUNDLE_IDENTIFIER = "Sizov-Apps.visizovPW3Tests";
				PRODUCT_NAME = "$(TARGET_NAME)";
				SWIFT_VERSION = 5.0;
				TARGETED_DEVICE_FAMILY = "1,2";
				TEST_HOST = "$(BUILT_PRODUCTS_DIR)/visizovPW3.app/visizovPW3";
			};
			name = Debug;
		};
		CE51F940271479F800A7445C /* Release */ = {
			isa = XCBuildConfiguration;
			buildSettings = {
				ALWAYS_EMBED_SWIFT_STANDARD_LIBRARIES = YES;
				BUNDLE_LOADER = "$(TEST_HOST)";
				CODE_SIGN_STYLE = Automatic;
				DEVELOPMENT_TEAM = M62GWSN92R;
				INFOPLIST_FILE = visizovPW3Tests/Info.plist;
				IPHONEOS_DEPLOYMENT_TARGET = 14.5;
				LD_RUNPATH_SEARCH_PATHS = (
					"$(inherited)",
					"@executable_path/Frameworks",
					"@loader_path/Frameworks",
				);
				PRODUCT_BUNDLE_IDENTIFIER = "Sizov-Apps.visizovPW3Tests";
				PRODUCT_NAME = "$(TARGET_NAME)";
				SWIFT_VERSION = 5.0;
				TARGETED_DEVICE_FAMILY = "1,2";
				TEST_HOST = "$(BUILT_PRODUCTS_DIR)/visizovPW3.app/visizovPW3";
			};
			name = Release;
		};
		CE51F942271479F800A7445C /* Debug */ = {
			isa = XCBuildConfiguration;
			buildSettings = {
				ALWAYS_EMBED_SWIFT_STANDARD_LIBRARIES = YES;
				CODE_SIGN_STYLE = Automatic;
				DEVELOPMENT_TEAM = M62GWSN92R;
				INFOPLIST_FILE = visizovPW3UITests/Info.plist;
				LD_RUNPATH_SEARCH_PATHS = (
					"$(inherited)",
					"@executable_path/Frameworks",
					"@loader_path/Frameworks",
				);
				PRODUCT_BUNDLE_IDENTIFIER = "Sizov-Apps.visizovPW3UITests";
				PRODUCT_NAME = "$(TARGET_NAME)";
				SWIFT_VERSION = 5.0;
				TARGETED_DEVICE_FAMILY = "1,2";
				TEST_TARGET_NAME = visizovPW3;
			};
			name = Debug;
		};
		CE51F943271479F800A7445C /* Release */ = {
			isa = XCBuildConfiguration;
			buildSettings = {
				ALWAYS_EMBED_SWIFT_STANDARD_LIBRARIES = YES;
				CODE_SIGN_STYLE = Automatic;
				DEVELOPMENT_TEAM = M62GWSN92R;
				INFOPLIST_FILE = visizovPW3UITests/Info.plist;
				LD_RUNPATH_SEARCH_PATHS = (
					"$(inherited)",
					"@executable_path/Frameworks",
					"@loader_path/Frameworks",
				);
				PRODUCT_BUNDLE_IDENTIFIER = "Sizov-Apps.visizovPW3UITests";
				PRODUCT_NAME = "$(TARGET_NAME)";
				SWIFT_VERSION = 5.0;
				TARGETED_DEVICE_FAMILY = "1,2";
				TEST_TARGET_NAME = visizovPW3;
			};
			name = Release;
		};
/* End XCBuildConfiguration section */

/* Begin XCConfigurationList section */
		CE51F90C271479F400A7445C /* Build configuration list for PBXProject "visizovPW3" */ = {
			isa = XCConfigurationList;
			buildConfigurations = (
				CE51F939271479F800A7445C /* Debug */,
				CE51F93A271479F800A7445C /* Release */,
			);
			defaultConfigurationIsVisible = 0;
			defaultConfigurationName = Release;
		};
		CE51F93B271479F800A7445C /* Build configuration list for PBXNativeTarget "visizovPW3" */ = {
			isa = XCConfigurationList;
			buildConfigurations = (
				CE51F93C271479F800A7445C /* Debug */,
				CE51F93D271479F800A7445C /* Release */,
			);
			defaultConfigurationIsVisible = 0;
			defaultConfigurationName = Release;
		};
		CE51F93E271479F800A7445C /* Build configuration list for PBXNativeTarget "visizovPW3Tests" */ = {
			isa = XCConfigurationList;
			buildConfigurations = (
				CE51F93F271479F800A7445C /* Debug */,
				CE51F940271479F800A7445C /* Release */,
			);
			defaultConfigurationIsVisible = 0;
			defaultConfigurationName = Release;
		};
		CE51F941271479F800A7445C /* Build configuration list for PBXNativeTarget "visizovPW3UITests" */ = {
			isa = XCConfigurationList;
			buildConfigurations = (
				CE51F942271479F800A7445C /* Debug */,
				CE51F943271479F800A7445C /* Release */,
			);
			defaultConfigurationIsVisible = 0;
			defaultConfigurationName = Release;
		};
/* End XCConfigurationList section */
	};
	rootObject = CE51F909271479F400A7445C /* Project object */;
}
